
Microsoft Visual Studio Solution File, Format Version 12.00
# Visual Studio 2015
Project("{FAE04EC0-301F-11D3-BF4B-00C04F79EFBC}") = "permispieton.CSharp.Plugins", "permispieton.CSharp.Plugins.csproj", "{051FB6CD-F79F-103C-AADB-DD3147BE5B98}"
EndProject
Project("{FAE04EC0-301F-11D3-BF4B-00C04F79EFBC}") = "permispieton.CSharp", "permispieton.CSharp.csproj", "{165238CD-C88D-9A78-8E7E-F34683EC3647}"
EndProject
Global
	GlobalSection(SolutionConfigurationPlatforms) = preSolution
		Debug|Any CPU = Debug|Any CPU
		Release|Any CPU = Release|Any CPU
	EndGlobalSection
	GlobalSection(ProjectConfigurationPlatforms) = postSolution
		{051FB6CD-F79F-103C-AADB-DD3147BE5B98}.Debug|Any CPU.ActiveCfg = Debug|Any CPU
		{051FB6CD-F79F-103C-AADB-DD3147BE5B98}.Debug|Any CPU.Build.0 = Debug|Any CPU
		{051FB6CD-F79F-103C-AADB-DD3147BE5B98}.Release|Any CPU.ActiveCfg = Release|Any CPU
		{051FB6CD-F79F-103C-AADB-DD3147BE5B98}.Release|Any CPU.Build.0 = Release|Any CPU
		{165238CD-C88D-9A78-8E7E-F34683EC3647}.Debug|Any CPU.ActiveCfg = Debug|Any CPU
		{165238CD-C88D-9A78-8E7E-F34683EC3647}.Debug|Any CPU.Build.0 = Debug|Any CPU
		{165238CD-C88D-9A78-8E7E-F34683EC3647}.Release|Any CPU.ActiveCfg = Release|Any CPU
		{165238CD-C88D-9A78-8E7E-F34683EC3647}.Release|Any CPU.Build.0 = Release|Any CPU
	EndGlobalSection
	GlobalSection(SolutionProperties) = preSolution
		HideSolutionNode = FALSE
	EndGlobalSection
EndGlobal
